
Microsoft Visual Studio Solution File, Format Version 12.00
# Visual Studio Version 16
VisualStudioVersion = 16.0.31729.503
MinimumVisualStudioVersion = 10.0.40219.1
Project("{FAE04EC0-301F-11D3-BF4B-00C04F79EFBC}") = "Presentacion", "FabricioCespedesProyectoFase2\Presentacion.csproj", "{4F142ECF-36AB-4B47-8180-14BB3745165C}"
EndProject
Project("{FAE04EC0-301F-11D3-BF4B-00C04F79EFBC}") = "LogicaNegocio", "LogicaNegocio\LogicaNegocio.csproj", "{64752556-107C-49F7-9336-16221300D999}"
EndProject
Project("{FAE04EC0-301F-11D3-BF4B-00C04F79EFBC}") = "Entidades", "Entidades\Entidades.csproj", "{B19FE3B1-9B37-4449-9CD9-FB508CB4D21E}"
EndProject
Project("{FAE04EC0-301F-11D3-BF4B-00C04F79EFBC}") = "AccesoDatos", "AccesoDatos\AccesoDatos.csproj", "{0F7BBE05-D2CA-4A5D-926B-1EAE242329FD}"
EndProject
Global
	GlobalSection(SolutionConfigurationPlatforms) = preSolution
		Debug|Any CPU = Debug|Any CPU
		Release|Any CPU = Release|Any CPU
	EndGlobalSection
	GlobalSection(ProjectConfigurationPlatforms) = postSolution
		{4F142ECF-36AB-4B47-8180-14BB3745165C}.Debug|Any CPU.ActiveCfg = Debug|Any CPU
		{4F142ECF-36AB-4B47-8180-14BB3745165C}.Debug|Any CPU.Build.0 = Debug|Any CPU
		{4F142ECF-36AB-4B47-8180-14BB3745165C}.Release|Any CPU.ActiveCfg = Release|Any CPU
		{4F142ECF-36AB-4B47-8180-14BB3745165C}.Release|Any CPU.Build.0 = Release|Any CPU
		{64752556-107C-49F7-9336-16221300D999}.Debug|Any CPU.ActiveCfg = Debug|Any CPU
		{64752556-107C-49F7-9336-16221300D999}.Debug|Any CPU.Build.0 = Debug|Any CPU
		{64752556-107C-49F7-9336-16221300D999}.Release|Any CPU.ActiveCfg = Release|Any CPU
		{64752556-107C-49F7-9336-16221300D999}.Release|Any CPU.Build.0 = Release|Any CPU
		{B19FE3B1-9B37-4449-9CD9-FB508CB4D21E}.Debug|Any CPU.ActiveCfg = Debug|Any CPU
		{B19FE3B1-9B37-4449-9CD9-FB508CB4D21E}.Debug|Any CPU.Build.0 = Debug|Any CPU
		{B19FE3B1-9B37-4449-9CD9-FB508CB4D21E}.Release|Any CPU.ActiveCfg = Release|Any CPU
		{B19FE3B1-9B37-4449-9CD9-FB508CB4D21E}.Release|Any CPU.Build.0 = Release|Any CPU
		{0F7BBE05-D2CA-4A5D-926B-1EAE242329FD}.Debug|Any CPU.ActiveCfg = Debug|Any CPU
		{0F7BBE05-D2CA-4A5D-926B-1EAE242329FD}.Debug|Any CPU.Build.0 = Debug|Any CPU
		{0F7BBE05-D2CA-4A5D-926B-1EAE242329FD}.Release|Any CPU.ActiveCfg = Release|Any CPU
		{0F7BBE05-D2CA-4A5D-926B-1EAE242329FD}.Release|Any CPU.Build.0 = Release|Any CPU
	EndGlobalSection
	GlobalSection(SolutionProperties) = preSolution
		HideSolutionNode = FALSE
	EndGlobalSection
	GlobalSection(ExtensibilityGlobals) = postSolution
		SolutionGuid = {1CBABD71-FBF7-4410-B08F-984DF4004C74}
	EndGlobalSection
EndGlobal
